
Microsoft Visual Studio Solution File, Format Version 12.00
# Visual Studio Version 16
VisualStudioVersion = 16.0.31410.357
MinimumVisualStudioVersion = 10.0.40219.1
Project("{FAE04EC0-301F-11D3-BF4B-00C04F79EFBC}") = "API_BOOKS", "API_BOOKS\API_BOOKS.csproj", "{BC89A385-CE4A-4AD8-BF73-0938224082BC}"
EndProject
Global
	GlobalSection(SolutionConfigurationPlatforms) = preSolution
		Debug|Any CPU = Debug|Any CPU
		Release|Any CPU = Release|Any CPU
	EndGlobalSection
	GlobalSection(ProjectConfigurationPlatforms) = postSolution
		{BC89A385-CE4A-4AD8-BF73-0938224082BC}.Debug|Any CPU.ActiveCfg = Debug|Any CPU
		{BC89A385-CE4A-4AD8-BF73-0938224082BC}.Debug|Any CPU.Build.0 = Debug|Any CPU
		{BC89A385-CE4A-4AD8-BF73-0938224082BC}.Release|Any CPU.ActiveCfg = Release|Any CPU
		{BC89A385-CE4A-4AD8-BF73-0938224082BC}.Release|Any CPU.Build.0 = Release|Any CPU
	EndGlobalSection
	GlobalSection(SolutionProperties) = preSolution
		HideSolutionNode = FALSE
	EndGlobalSection
	GlobalSection(ExtensibilityGlobals) = postSolution
		SolutionGuid = {C2602CA9-2E2B-4902-999D-35F5CDB191C9}
	EndGlobalSection
EndGlobal
